
Microsoft Visual Studio Solution File, Format Version 12.00
# Visual Studio 15
VisualStudioVersion = 15.0.28307.1209
MinimumVisualStudioVersion = 10.0.40219.1
Project("{FAE04EC0-301F-11D3-BF4B-00C04F79EFBC}") = "BrielinaApi", "BrielinaApi\BrielinaApi.csproj", "{A702A6EB-08DF-4949-A4D3-C04D122C62E3}"
EndProject
Project("{FAE04EC0-301F-11D3-BF4B-00C04F79EFBC}") = "Infraestrutura", "Infraestrutura\Infraestrutura.csproj", "{2A147A67-39ED-4912-BEB7-F4971BB17BD3}"
EndProject
Project("{FAE04EC0-301F-11D3-BF4B-00C04F79EFBC}") = "AnimesController", "AnimesController\AnimesController.csproj", "{0D757679-0C03-4193-868A-1B5179336BCE}"
EndProject
Project("{FAE04EC0-301F-11D3-BF4B-00C04F79EFBC}") = "Dominio", "Dominio\Dominio.csproj", "{8C77BFE8-930C-4A4D-B199-A93BD9A6DA45}"
EndProject
Global
	GlobalSection(SolutionConfigurationPlatforms) = preSolution
		Debug|Any CPU = Debug|Any CPU
		Release|Any CPU = Release|Any CPU
	EndGlobalSection
	GlobalSection(ProjectConfigurationPlatforms) = postSolution
		{A702A6EB-08DF-4949-A4D3-C04D122C62E3}.Debug|Any CPU.ActiveCfg = Debug|Any CPU
		{A702A6EB-08DF-4949-A4D3-C04D122C62E3}.Debug|Any CPU.Build.0 = Debug|Any CPU
		{A702A6EB-08DF-4949-A4D3-C04D122C62E3}.Release|Any CPU.ActiveCfg = Release|Any CPU
		{A702A6EB-08DF-4949-A4D3-C04D122C62E3}.Release|Any CPU.Build.0 = Release|Any CPU
		{2A147A67-39ED-4912-BEB7-F4971BB17BD3}.Debug|Any CPU.ActiveCfg = Debug|Any CPU
		{2A147A67-39ED-4912-BEB7-F4971BB17BD3}.Debug|Any CPU.Build.0 = Debug|Any CPU
		{2A147A67-39ED-4912-BEB7-F4971BB17BD3}.Release|Any CPU.ActiveCfg = Release|Any CPU
		{2A147A67-39ED-4912-BEB7-F4971BB17BD3}.Release|Any CPU.Build.0 = Release|Any CPU
		{0D757679-0C03-4193-868A-1B5179336BCE}.Debug|Any CPU.ActiveCfg = Debug|Any CPU
		{0D757679-0C03-4193-868A-1B5179336BCE}.Debug|Any CPU.Build.0 = Debug|Any CPU
		{0D757679-0C03-4193-868A-1B5179336BCE}.Release|Any CPU.ActiveCfg = Release|Any CPU
		{0D757679-0C03-4193-868A-1B5179336BCE}.Release|Any CPU.Build.0 = Release|Any CPU
		{8C77BFE8-930C-4A4D-B199-A93BD9A6DA45}.Debug|Any CPU.ActiveCfg = Debug|Any CPU
		{8C77BFE8-930C-4A4D-B199-A93BD9A6DA45}.Debug|Any CPU.Build.0 = Debug|Any CPU
		{8C77BFE8-930C-4A4D-B199-A93BD9A6DA45}.Release|Any CPU.ActiveCfg = Release|Any CPU
		{8C77BFE8-930C-4A4D-B199-A93BD9A6DA45}.Release|Any CPU.Build.0 = Release|Any CPU
	EndGlobalSection
	GlobalSection(SolutionProperties) = preSolution
		HideSolutionNode = FALSE
	EndGlobalSection
	GlobalSection(ExtensibilityGlobals) = postSolution
		SolutionGuid = {F9C55CDD-F798-4A57-A6AF-0589C0BF1C70}
	EndGlobalSection
EndGlobal
