
Microsoft Visual Studio Solution File, Format Version 12.00
# Visual Studio Version 17
VisualStudioVersion = 17.4.33103.184
MinimumVisualStudioVersion = 10.0.40219.1
Project("{FAE04EC0-301F-11D3-BF4B-00C04F79EFBC}") = "Host", "Host\Host.csproj", "{F5F505EF-F82F-421A-B230-418E1893AC8B}"
EndProject
Project("{FAE04EC0-301F-11D3-BF4B-00C04F79EFBC}") = "Infraestrutura", "Infraestrutura\Infraestrutura.csproj", "{EE85D573-B942-4749-8C72-C2D62F8FBAC7}"
EndProject
Project("{FAE04EC0-301F-11D3-BF4B-00C04F79EFBC}") = "Dominio", "Dominio\Dominio.csproj", "{CEE64AB0-216D-4587-9B8C-8548FA9058D2}"
EndProject
Project("{FAE04EC0-301F-11D3-BF4B-00C04F79EFBC}") = "InjecaoDependencia", "InjecaoDependencia\InjecaoDependencia.csproj", "{1593EEBC-DB42-4F1D-9B53-4B16DF8DB91E}"
EndProject
Global
	GlobalSection(SolutionConfigurationPlatforms) = preSolution
		Debug|Any CPU = Debug|Any CPU
		Release|Any CPU = Release|Any CPU
	EndGlobalSection
	GlobalSection(ProjectConfigurationPlatforms) = postSolution
		{F5F505EF-F82F-421A-B230-418E1893AC8B}.Debug|Any CPU.ActiveCfg = Debug|Any CPU
		{F5F505EF-F82F-421A-B230-418E1893AC8B}.Debug|Any CPU.Build.0 = Debug|Any CPU
		{F5F505EF-F82F-421A-B230-418E1893AC8B}.Release|Any CPU.ActiveCfg = Release|Any CPU
		{F5F505EF-F82F-421A-B230-418E1893AC8B}.Release|Any CPU.Build.0 = Release|Any CPU
		{EE85D573-B942-4749-8C72-C2D62F8FBAC7}.Debug|Any CPU.ActiveCfg = Debug|Any CPU
		{EE85D573-B942-4749-8C72-C2D62F8FBAC7}.Debug|Any CPU.Build.0 = Debug|Any CPU
		{EE85D573-B942-4749-8C72-C2D62F8FBAC7}.Release|Any CPU.ActiveCfg = Release|Any CPU
		{EE85D573-B942-4749-8C72-C2D62F8FBAC7}.Release|Any CPU.Build.0 = Release|Any CPU
		{CEE64AB0-216D-4587-9B8C-8548FA9058D2}.Debug|Any CPU.ActiveCfg = Debug|Any CPU
		{CEE64AB0-216D-4587-9B8C-8548FA9058D2}.Debug|Any CPU.Build.0 = Debug|Any CPU
		{CEE64AB0-216D-4587-9B8C-8548FA9058D2}.Release|Any CPU.ActiveCfg = Release|Any CPU
		{CEE64AB0-216D-4587-9B8C-8548FA9058D2}.Release|Any CPU.Build.0 = Release|Any CPU
		{1593EEBC-DB42-4F1D-9B53-4B16DF8DB91E}.Debug|Any CPU.ActiveCfg = Debug|Any CPU
		{1593EEBC-DB42-4F1D-9B53-4B16DF8DB91E}.Debug|Any CPU.Build.0 = Debug|Any CPU
		{1593EEBC-DB42-4F1D-9B53-4B16DF8DB91E}.Release|Any CPU.ActiveCfg = Release|Any CPU
		{1593EEBC-DB42-4F1D-9B53-4B16DF8DB91E}.Release|Any CPU.Build.0 = Release|Any CPU
	EndGlobalSection
	GlobalSection(SolutionProperties) = preSolution
		HideSolutionNode = FALSE
	EndGlobalSection
	GlobalSection(ExtensibilityGlobals) = postSolution
		SolutionGuid = {F9C55CDD-F798-4A57-A6AF-0589C0BF1C70}
	EndGlobalSection
EndGlobal
